
Microsoft Visual Studio Solution File, Format Version 12.00
# Visual Studio Version 17
VisualStudioVersion = 17.10.35122.118
MinimumVisualStudioVersion = 10.0.40219.1
Project("{FAE04EC0-301F-11D3-BF4B-00C04F79EFBC}") = "ConversorMoedas", "ConversorMoedas\ConversorMoedas.csproj", "{D0EF6B07-986F-4EFB-AD3A-47DA56A39EFB}"
EndProject
Global
	GlobalSection(SolutionConfigurationPlatforms) = preSolution
		Debug|Any CPU = Debug|Any CPU
		Release|Any CPU = Release|Any CPU
	EndGlobalSection
	GlobalSection(ProjectConfigurationPlatforms) = postSolution
		{D0EF6B07-986F-4EFB-AD3A-47DA56A39EFB}.Debug|Any CPU.ActiveCfg = Debug|Any CPU
		{D0EF6B07-986F-4EFB-AD3A-47DA56A39EFB}.Debug|Any CPU.Build.0 = Debug|Any CPU
		{D0EF6B07-986F-4EFB-AD3A-47DA56A39EFB}.Release|Any CPU.ActiveCfg = Release|Any CPU
		{D0EF6B07-986F-4EFB-AD3A-47DA56A39EFB}.Release|Any CPU.Build.0 = Release|Any CPU
	EndGlobalSection
	GlobalSection(SolutionProperties) = preSolution
		HideSolutionNode = FALSE
	EndGlobalSection
	GlobalSection(ExtensibilityGlobals) = postSolution
		SolutionGuid = {2031E8CC-5AE3-4787-84F4-2C93D45F2E3C}
	EndGlobalSection
EndGlobal
